
Microsoft Visual Studio Solution File, Format Version 12.00
# Visual Studio Version 17
VisualStudioVersion = 17.5.33530.505
MinimumVisualStudioVersion = 10.0.40219.1
Project("{FAE04EC0-301F-11D3-BF4B-00C04F79EFBC}") = "wpf", "wpf\wpf.csproj", "{5EBB630E-39DC-40FD-AFCB-DFDE1BF5539D}"
EndProject
Project("{FAE04EC0-301F-11D3-BF4B-00C04F79EFBC}") = "models", "models\models.csproj", "{38605849-E07E-47E2-AFE6-A84E2A54C59D}"
EndProject
Global
	GlobalSection(SolutionConfigurationPlatforms) = preSolution
		Debug|Any CPU = Debug|Any CPU
		Release|Any CPU = Release|Any CPU
	EndGlobalSection
	GlobalSection(ProjectConfigurationPlatforms) = postSolution
		{5EBB630E-39DC-40FD-AFCB-DFDE1BF5539D}.Debug|Any CPU.ActiveCfg = Debug|Any CPU
		{5EBB630E-39DC-40FD-AFCB-DFDE1BF5539D}.Debug|Any CPU.Build.0 = Debug|Any CPU
		{5EBB630E-39DC-40FD-AFCB-DFDE1BF5539D}.Release|Any CPU.ActiveCfg = Release|Any CPU
		{5EBB630E-39DC-40FD-AFCB-DFDE1BF5539D}.Release|Any CPU.Build.0 = Release|Any CPU
		{38605849-E07E-47E2-AFE6-A84E2A54C59D}.Debug|Any CPU.ActiveCfg = Debug|Any CPU
		{38605849-E07E-47E2-AFE6-A84E2A54C59D}.Debug|Any CPU.Build.0 = Debug|Any CPU
		{38605849-E07E-47E2-AFE6-A84E2A54C59D}.Release|Any CPU.ActiveCfg = Release|Any CPU
		{38605849-E07E-47E2-AFE6-A84E2A54C59D}.Release|Any CPU.Build.0 = Release|Any CPU
	EndGlobalSection
	GlobalSection(SolutionProperties) = preSolution
		HideSolutionNode = FALSE
	EndGlobalSection
	GlobalSection(ExtensibilityGlobals) = postSolution
		SolutionGuid = {E7EC2161-CC49-414F-B52E-BD5A667772F8}
	EndGlobalSection
EndGlobal
